
Microsoft Visual Studio Solution File, Format Version 12.00
# Visual Studio Version 17
VisualStudioVersion = 17.0.31903.59
MinimumVisualStudioVersion = 10.0.40219.1
Project("{2150E333-8FDC-42A3-9474-1A3956D46DE8}") = "src", "src", "{4EF66CAE-D083-477C-B25B-F84BF8F13BE9}"
EndProject
Project("{FAE04EC0-301F-11D3-BF4B-00C04F79EFBC}") = "LocoMP.Core", "src\LocoMP.Core\LocoMP.Core.csproj", "{DB68D921-0886-4BFB-B17C-570F50F1E324}"
EndProject
Project("{FAE04EC0-301F-11D3-BF4B-00C04F79EFBC}") = "LocoMP.Transport", "src\LocoMP.Transport\LocoMP.Transport.csproj", "{F16B82B2-49A6-4494-8B83-CA03FDA4A938}"
EndProject
Project("{FAE04EC0-301F-11D3-BF4B-00C04F79EFBC}") = "LocoMP.Api", "src\LocoMP.Api\LocoMP.Api.csproj", "{F9D56E4E-D4DD-4D49-BC2B-C1DCDAC974EE}"
EndProject
Project("{FAE04EC0-301F-11D3-BF4B-00C04F79EFBC}") = "LocoMP.Shim", "src\LocoMP.Shim\LocoMP.Shim.csproj", "{E2C5FD33-9EEA-4B93-9988-9D5072081251}"
EndProject
Project("{FAE04EC0-301F-11D3-BF4B-00C04F79EFBC}") = "LocoMP", "src\LocoMP\LocoMP.csproj", "{1F31B505-9921-45E6-8AF1-82D89C903B19}"
EndProject
Project("{FAE04EC0-301F-11D3-BF4B-00C04F79EFBC}") = "LocoMP.Server", "src\LocoMP.Server\LocoMP.Server.csproj", "{AC9D754C-A458-401B-83BB-7DA1034FA2D3}"
EndProject
Project("{2150E333-8FDC-42A3-9474-1A3956D46DE8}") = "tests", "tests", "{3C9EA125-75F9-481D-9736-B49332E8D8C6}"
EndProject
Project("{FAE04EC0-301F-11D3-BF4B-00C04F79EFBC}") = "LocoMP.Core.Tests", "tests\LocoMP.Core.Tests\LocoMP.Core.Tests.csproj", "{241C478A-CAB3-49D6-B02A-FC1657C6EF9D}"
EndProject
Project("{2150E333-8FDC-42A3-9474-1A3956D46DE8}") = "tools", "tools", "{AEDF3C63-2F39-45D1-BD16-8B94CE823ACC}"
EndProject
Project("{FAE04EC0-301F-11D3-BF4B-00C04F79EFBC}") = "LocoMP.Bot", "tools\LocoMP.Bot\LocoMP.Bot.csproj", "{AA822666-2D62-48F5-A7B6-3450B4330A0A}"
EndProject
Global
	GlobalSection(SolutionConfigurationPlatforms) = preSolution
		Debug|Any CPU = Debug|Any CPU
		Release|Any CPU = Release|Any CPU
	EndGlobalSection
	GlobalSection(SolutionProperties) = preSolution
		HideSolutionNode = FALSE
	EndGlobalSection
	GlobalSection(ProjectConfigurationPlatforms) = postSolution
		{DB68D921-0886-4BFB-B17C-570F50F1E324}.Debug|Any CPU.ActiveCfg = Debug|Any CPU
		{DB68D921-0886-4BFB-B17C-570F50F1E324}.Debug|Any CPU.Build.0 = Debug|Any CPU
		{DB68D921-0886-4BFB-B17C-570F50F1E324}.Release|Any CPU.ActiveCfg = Release|Any CPU
		{DB68D921-0886-4BFB-B17C-570F50F1E324}.Release|Any CPU.Build.0 = Release|Any CPU
		{F16B82B2-49A6-4494-8B83-CA03FDA4A938}.Debug|Any CPU.ActiveCfg = Debug|Any CPU
		{F16B82B2-49A6-4494-8B83-CA03FDA4A938}.Debug|Any CPU.Build.0 = Debug|Any CPU
		{F16B82B2-49A6-4494-8B83-CA03FDA4A938}.Release|Any CPU.ActiveCfg = Release|Any CPU
		{F16B82B2-49A6-4494-8B83-CA03FDA4A938}.Release|Any CPU.Build.0 = Release|Any CPU
		{F9D56E4E-D4DD-4D49-BC2B-C1DCDAC974EE}.Debug|Any CPU.ActiveCfg = Debug|Any CPU
		{F9D56E4E-D4DD-4D49-BC2B-C1DCDAC974EE}.Debug|Any CPU.Build.0 = Debug|Any CPU
		{F9D56E4E-D4DD-4D49-BC2B-C1DCDAC974EE}.Release|Any CPU.ActiveCfg = Release|Any CPU
		{F9D56E4E-D4DD-4D49-BC2B-C1DCDAC974EE}.Release|Any CPU.Build.0 = Release|Any CPU
		{E2C5FD33-9EEA-4B93-9988-9D5072081251}.Debug|Any CPU.ActiveCfg = Debug|Any CPU
		{E2C5FD33-9EEA-4B93-9988-9D5072081251}.Debug|Any CPU.Build.0 = Debug|Any CPU
		{E2C5FD33-9EEA-4B93-9988-9D5072081251}.Release|Any CPU.ActiveCfg = Release|Any CPU
		{E2C5FD33-9EEA-4B93-9988-9D5072081251}.Release|Any CPU.Build.0 = Release|Any CPU
		{1F31B505-9921-45E6-8AF1-82D89C903B19}.Debug|Any CPU.ActiveCfg = Debug|Any CPU
		{1F31B505-9921-45E6-8AF1-82D89C903B19}.Debug|Any CPU.Build.0 = Debug|Any CPU
		{1F31B505-9921-45E6-8AF1-82D89C903B19}.Release|Any CPU.ActiveCfg = Release|Any CPU
		{1F31B505-9921-45E6-8AF1-82D89C903B19}.Release|Any CPU.Build.0 = Release|Any CPU
		{AC9D754C-A458-401B-83BB-7DA1034FA2D3}.Debug|Any CPU.ActiveCfg = Debug|Any CPU
		{AC9D754C-A458-401B-83BB-7DA1034FA2D3}.Debug|Any CPU.Build.0 = Debug|Any CPU
		{AC9D754C-A458-401B-83BB-7DA1034FA2D3}.Release|Any CPU.ActiveCfg = Release|Any CPU
		{AC9D754C-A458-401B-83BB-7DA1034FA2D3}.Release|Any CPU.Build.0 = Release|Any CPU
		{241C478A-CAB3-49D6-B02A-FC1657C6EF9D}.Debug|Any CPU.ActiveCfg = Debug|Any CPU
		{241C478A-CAB3-49D6-B02A-FC1657C6EF9D}.Debug|Any CPU.Build.0 = Debug|Any CPU
		{241C478A-CAB3-49D6-B02A-FC1657C6EF9D}.Release|Any CPU.ActiveCfg = Release|Any CPU
		{241C478A-CAB3-49D6-B02A-FC1657C6EF9D}.Release|Any CPU.Build.0 = Release|Any CPU
		{AA822666-2D62-48F5-A7B6-3450B4330A0A}.Debug|Any CPU.ActiveCfg = Debug|Any CPU
		{AA822666-2D62-48F5-A7B6-3450B4330A0A}.Debug|Any CPU.Build.0 = Debug|Any CPU
		{AA822666-2D62-48F5-A7B6-3450B4330A0A}.Release|Any CPU.ActiveCfg = Release|Any CPU
		{AA822666-2D62-48F5-A7B6-3450B4330A0A}.Release|Any CPU.Build.0 = Release|Any CPU
	EndGlobalSection
	GlobalSection(NestedProjects) = preSolution
		{DB68D921-0886-4BFB-B17C-570F50F1E324} = {4EF66CAE-D083-477C-B25B-F84BF8F13BE9}
		{F16B82B2-49A6-4494-8B83-CA03FDA4A938} = {4EF66CAE-D083-477C-B25B-F84BF8F13BE9}
		{F9D56E4E-D4DD-4D49-BC2B-C1DCDAC974EE} = {4EF66CAE-D083-477C-B25B-F84BF8F13BE9}
		{E2C5FD33-9EEA-4B93-9988-9D5072081251} = {4EF66CAE-D083-477C-B25B-F84BF8F13BE9}
		{1F31B505-9921-45E6-8AF1-82D89C903B19} = {4EF66CAE-D083-477C-B25B-F84BF8F13BE9}
		{AC9D754C-A458-401B-83BB-7DA1034FA2D3} = {4EF66CAE-D083-477C-B25B-F84BF8F13BE9}
		{241C478A-CAB3-49D6-B02A-FC1657C6EF9D} = {3C9EA125-75F9-481D-9736-B49332E8D8C6}
		{AA822666-2D62-48F5-A7B6-3450B4330A0A} = {AEDF3C63-2F39-45D1-BD16-8B94CE823ACC}
	EndGlobalSection
EndGlobal
